{
  "object": {
    "pins": [
      {
        "package": "FragmentedMP4Description",
        "repositoryURL": "/Users/sbader/Code/current/magic_box/Pristine/FragmentedMP4Description",
        "state": {
          "branch": "master",
          "revision": "badaa24581114414583f66bca7fd85d7702a16ff",
          "version": null
        }
      }
    ]
  },
  "version": 1
}
